// !$*UTF8*$!
{
	archiveVersion = 1;
	classes = {
	};
	objectVersion = 77;
	objects = {

/* Begin PBXContainerItemProxy section */
		375BD0852D572B0100150824 /* PBXContainerItemProxy */ = {
			isa = PBXContainerItemProxy;
			containerPortal = 375BD06C2D572AFE00150824 /* Project object */;
			proxyType = 1;
			remoteGlobalIDString = 375BD0732D572AFE00150824;
			remoteInfo = Fetch_RecipeProject;
		};
		375BD08F2D572B0100150824 /* PBXContainerItemProxy */ = {
			isa = PBXContainerItemProxy;
			containerPortal = 375BD06C2D572AFE00150824 /* Project object */;
			proxyType = 1;
			remoteGlobalIDString = 375BD0732D572AFE00150824;
			remoteInfo = Fetch_RecipeProject;
		};
/* End PBXContainerItemProxy section */

/* Begin PBXFileReference section */
		375BD0742D572AFE00150824 /* Fetch_RecipeProject.app */ = {isa = PBXFileReference; explicitFileType = wrapper.application; includeInIndex = 0; path = Fetch_RecipeProject.app; sourceTree = BUILT_PRODUCTS_DIR; };
		375BD0842D572B0100150824 /* Fetch_RecipeProjectTests.xctest */ = {isa = PBXFileReference; explicitFileType = wrapper.cfbundle; includeInIndex = 0; path = Fetch_RecipeProjectTests.xctest; sourceTree = BUILT_PRODUCTS_DIR; };
		375BD08E2D572B0100150824 /* Fetch_RecipeProjectUITests.xctest */ = {isa = PBXFileReference; explicitFileType = wrapper.cfbundle; includeInIndex = 0; path = Fetch_RecipeProjectUITests.xctest; sourceTree = BUILT_PRODUCTS_DIR; };
/* End PBXFileReference section */

/* Begin PBXFileSystemSynchronizedRootGroup section */
		375BD0762D572AFE00150824 /* Fetch_RecipeProject */ = {
			isa = PBXFileSystemSynchronizedRootGroup;
			path = Fetch_RecipeProject;
			sourceTree = "<group>";
		};
		375BD0872D572B0100150824 /* Fetch_RecipeProjectTests */ = {
			isa = PBXFileSystemSynchronizedRootGroup;
			path = Fetch_RecipeProjectTests;
			sourceTree = "<group>";
		};
		375BD0912D572B0100150824 /* Fetch_RecipeProjectUITests */ = {
			isa = PBXFileSystemSynchronizedRootGroup;
			path = Fetch_RecipeProjectUITests;
			sourceTree = "<group>";
		};
/* End PBXFileSystemSynchronizedRootGroup section */

/* Begin PBXFrameworksBuildPhase section */
		375BD0712D572AFE00150824 /* Frameworks */ = {
			isa = PBXFrameworksBuildPhase;
			buildActionMask = 2147483647;
			files = (
			);
			runOnlyForDeploymentPostprocessing = 0;
		};
		375BD0812D572B0100150824 /* Frameworks */ = {
			isa = PBXFrameworksBuildPhase;
			buildActionMask = 2147483647;
			files = (
			);
			runOnlyForDeploymentPostprocessing = 0;
		};
		375BD08B2D572B0100150824 /* Frameworks */ = {
			isa = PBXFrameworksBuildPhase;
			buildActionMask = 2147483647;
			files = (
			);
			runOnlyForDeploymentPostprocessing = 0;
		};
/* End PBXFrameworksBuildPhase section */

/* Begin PBXGroup section */
		375BD06B2D572AFE00150824 = {
			isa = PBXGroup;
			children = (
				375BD0762D572AFE00150824 /* Fetch_RecipeProject */,
				375BD0872D572B0100150824 /* Fetch_RecipeProjectTests */,
				375BD0912D572B0100150824 /* Fetch_RecipeProjectUITests */,
				375BD0752D572AFE00150824 /* Products */,
			);
			sourceTree = "<group>";
		};
		375BD0752D572AFE00150824 /* Products */ = {
			isa = PBXGroup;
			children = (
				375BD0742D572AFE00150824 /* Fetch_RecipeProject.app */,
				375BD0842D572B0100150824 /* Fetch_RecipeProjectTests.xctest */,
				375BD08E2D572B0100150824 /* Fetch_RecipeProjectUITests.xctest */,
			);
			name = Products;
			sourceTree = "<group>";
		};
/* End PBXGroup section */

/* Begin PBXNativeTarget section */
		375BD0732D572AFE00150824 /* Fetch_RecipeProject */ = {
			isa = PBXNativeTarget;
			buildConfigurationList = 375BD0982D572B0100150824 /* Build configuration list for PBXNativeTarget "Fetch_RecipeProject" */;
			buildPhases = (
				375BD0702D572AFE00150824 /* Sources */,
				375BD0712D572AFE00150824 /* Frameworks */,
				375BD0722D572AFE00150824 /* Resources */,
			);
			buildRules = (
			);
			dependencies = (
			);
			fileSystemSynchronizedGroups = (
				375BD0762D572AFE00150824 /* Fetch_RecipeProject */,
			);
			name = Fetch_RecipeProject;
			packageProductDependencies = (
			);
			productName = Fetch_RecipeProject;
			productReference = 375BD0742D572AFE00150824 /* Fetch_RecipeProject.app */;
			productType = "com.apple.product-type.application";
		};
		375BD0832D572B0100150824 /* Fetch_RecipeProjectTests */ = {
			isa = PBXNativeTarget;
			buildConfigurationList = 375BD09B2D572B0100150824 /* Build configuration list for PBXNativeTarget "Fetch_RecipeProjectTests" */;
			buildPhases = (
				375BD0802D572B0100150824 /* Sources */,
				375BD0812D572B0100150824 /* Frameworks */,
				375BD0822D572B0100150824 /* Resources */,
			);
			buildRules = (
			);
			dependencies = (
				375BD0862D572B0100150824 /* PBXTargetDependency */,
			);
			fileSystemSynchronizedGroups = (
				375BD0872D572B0100150824 /* Fetch_RecipeProjectTests */,
			);
			name = Fetch_RecipeProjectTests;
			packageProductDependencies = (
			);
			productName = Fetch_RecipeProjectTests;
			productReference = 375BD0842D572B0100150824 /* Fetch_RecipeProjectTests.xctest */;
			productType = "com.apple.product-type.bundle.unit-test";
		};
		375BD08D2D572B0100150824 /* Fetch_RecipeProjectUITests */ = {
			isa = PBXNativeTarget;
			buildConfigurationList = 375BD09E2D572B0100150824 /* Build configuration list for PBXNativeTarget "Fetch_RecipeProjectUITests" */;
			buildPhases = (
				375BD08A2D572B0100150824 /* Sources */,
				375BD08B2D572B0100150824 /* Frameworks */,
				375BD08C2D572B0100150824 /* Resources */,
			);
			buildRules = (
			);
			dependencies = (
				375BD0902D572B0100150824 /* PBXTargetDependency */,
			);
			fileSystemSynchronizedGroups = (
				375BD0912D572B0100150824 /* Fetch_RecipeProjectUITests */,
			);
			name = Fetch_RecipeProjectUITests;
			packageProductDependencies = (
			);
			productName = Fetch_RecipeProjectUITests;
			productReference = 375BD08E2D572B0100150824 /* Fetch_RecipeProjectUITests.xctest */;
			productType = "com.apple.product-type.bundle.ui-testing";
		};
/* End PBXNativeTarget section */

/* Begin PBXProject section */
		375BD06C2D572AFE00150824 /* Project object */ = {
			isa = PBXProject;
			attributes = {
				BuildIndependentTargetsInParallel = 1;
				LastSwiftUpdateCheck = 1620;
				LastUpgradeCheck = 1620;
				TargetAttributes = {
					375BD0732D572AFE00150824 = {
						CreatedOnToolsVersion = 16.2;
					};
					375BD0832D572B0100150824 = {
						CreatedOnToolsVersion = 16.2;
						TestTargetID = 375BD0732D572AFE00150824;
					};
					375BD08D2D572B0100150824 = {
						CreatedOnToolsVersion = 16.2;
						TestTargetID = 375BD0732D572AFE00150824;
					};
				};
			};
			buildConfigurationList = 375BD06F2D572AFE00150824 /* Build configuration list for PBXProject "Fetch_RecipeProject" */;
			developmentRegion = en;
			hasScannedForEncodings = 0;
			knownRegions = (
				en,
				Base,
			);
			mainGroup = 375BD06B2D572AFE00150824;
			minimizedProjectReferenceProxies = 1;
			preferredProjectObjectVersion = 77;
			productRefGroup = 375BD0752D572AFE00150824 /* Products */;
			projectDirPath = "";
			projectRoot = "";
			targets = (
				375BD0732D572AFE00150824 /* Fetch_RecipeProject */,
				375BD0832D572B0100150824 /* Fetch_RecipeProjectTests */,
				375BD08D2D572B0100150824 /* Fetch_RecipeProjectUITests */,
			);
		};
/* End PBXProject section */

/* Begin PBXResourcesBuildPhase section */
		375BD0722D572AFE00150824 /* Resources */ = {
			isa = PBXResourcesBuildPhase;
			buildActionMask = 2147483647;
			files = (
			);
			runOnlyForDeploymentPostprocessing = 0;
		};
		375BD0822D572B0100150824 /* Resources */ = {
			isa = PBXResourcesBuildPhase;
			buildActionMask = 2147483647;
			files = (
			);
			runOnlyForDeploymentPostprocessing = 0;
		};
		375BD08C2D572B0100150824 /* Resources */ = {
			isa = PBXResourcesBuildPhase;
			buildActionMask = 2147483647;
			files = (
			);
			runOnlyForDeploymentPostprocessing = 0;
		};
/* End PBXResourcesBuildPhase section */

/* Begin PBXSourcesBuildPhase section */
		375BD0702D572AFE00150824 /* Sources */ = {
			isa = PBXSourcesBuildPhase;
			buildActionMask = 2147483647;
			files = (
			);
			runOnlyForDeploymentPostprocessing = 0;
		};
		375BD0802D572B0100150824 /* Sources */ = {
			isa = PBXSourcesBuildPhase;
			buildActionMask = 2147483647;
			files = (
			);
			runOnlyForDeploymentPostprocessing = 0;
		};
		375BD08A2D572B0100150824 /* Sources */ = {
			isa = PBXSourcesBuildPhase;
			buildActionMask = 2147483647;
			files = (
			);
			runOnlyForDeploymentPostprocessing = 0;
		};
/* End PBXSourcesBuildPhase section */

/* Begin PBXTargetDependency section */
		375BD0862D572B0100150824 /* PBXTargetDependency */ = {
			isa = PBXTargetDependency;
			target = 375BD0732D572AFE00150824 /* Fetch_RecipeProject */;
			targetProxy = 375BD0852D572B0100150824 /* PBXContainerItemProxy */;
		};
		375BD0902D572B0100150824 /* PBXTargetDependency */ = {
			isa = PBXTargetDependency;
			target = 375BD0732D572AFE00150824 /* Fetch_RecipeProject */;
			targetProxy = 375BD08F2D572B0100150824 /* PBXContainerItemProxy */;
		};
/* End PBXTargetDependency section */

/* Begin XCBuildConfiguration section */
		375BD0962D572B0100150824 /* Debug */ = {
			isa = XCBuildConfiguration;
			buildSettings = {
				ALWAYS_SEARCH_USER_PATHS = NO;
				ASSETCATALOG_COMPILER_GENERATE_SWIFT_ASSET_SYMBOL_EXTENSIONS = YES;
				CLANG_ANALYZER_NONNULL = YES;
				CLANG_ANALYZER_NUMBER_OBJECT_CONVERSION = YES_AGGRESSIVE;
				CLANG_CXX_LANGUAGE_STANDARD = "gnu++20";
				CLANG_ENABLE_MODULES = YES;
				CLANG_ENABLE_OBJC_ARC = YES;
				CLANG_ENABLE_OBJC_WEAK = YES;
				CLANG_WARN_BLOCK_CAPTURE_AUTORELEASING = YES;
				CLANG_WARN_BOOL_CONVERSION = YES;
				CLANG_WARN_COMMA = YES;
				CLANG_WARN_CONSTANT_CONVERSION = YES;
				CLANG_WARN_DEPRECATED_OBJC_IMPLEMENTATIONS = YES;
				CLANG_WARN_DIRECT_OBJC_ISA_USAGE = YES_ERROR;
				CLANG_WARN_DOCUMENTATION_COMMENTS = YES;
				CLANG_WARN_EMPTY_BODY = YES;
				CLANG_WARN_ENUM_CONVERSION = YES;
				CLANG_WARN_INFINITE_RECURSION = YES;
				CLANG_WARN_INT_CONVERSION = YES;
				CLANG_WARN_NON_LITERAL_NULL_CONVERSION = YES;
				CLANG_WARN_OBJC_IMPLICIT_RETAIN_SELF = YES;
				CLANG_WARN_OBJC_LITERAL_CONVERSION = YES;
				CLANG_WARN_OBJC_ROOT_CLASS = YES_ERROR;
				CLANG_WARN_QUOTED_INCLUDE_IN_FRAMEWORK_HEADER = YES;
				CLANG_WARN_RANGE_LOOP_ANALYSIS = YES;
				CLANG_WARN_STRICT_PROTOTYPES = YES;
				CLANG_WARN_SUSPICIOUS_MOVE = YES;
				CLANG_WARN_UNGUARDED_AVAILABILITY = YES_AGGRESSIVE;
				CLANG_WARN_UNREACHABLE_CODE = YES;
				CLANG_WARN__DUPLICATE_METHOD_MATCH = YES;
				COPY_PHASE_STRIP = NO;
				DEBUG_INFORMATION_FORMAT = dwarf;
				ENABLE_STRICT_OBJC_MSGSEND = YES;
				ENABLE_TESTABILITY = YES;
				ENABLE_USER_SCRIPT_SANDBOXING = YES;
				GCC_C_LANGUAGE_STANDARD = gnu17;
				GCC_DYNAMIC_NO_PIC = NO;
				GCC_NO_COMMON_BLOCKS = YES;
				GCC_OPTIMIZATION_LEVEL = 0;
				GCC_PREPROCESSOR_DEFINITIONS = (
					"DEBUG=1",
					"$(inherited)",
				);
				GCC_WARN_64_TO_32_BIT_CONVERSION = YES;
				GCC_WARN_ABOUT_RETURN_TYPE = YES_ERROR;
				GCC_WARN_UNDECLARED_SELECTOR = YES;
				GCC_WARN_UNINITIALIZED_AUTOS = YES_AGGRESSIVE;
				GCC_WARN_UNUSED_FUNCTION = YES;
				GCC_WARN_UNUSED_VARIABLE = YES;
				IPHONEOS_DEPLOYMENT_TARGET = 18.2;
				LOCALIZATION_PREFERS_STRING_CATALOGS = YES;
				MTL_ENABLE_DEBUG_INFO = INCLUDE_SOURCE;
				MTL_FAST_MATH = YES;
				ONLY_ACTIVE_ARCH = YES;
				SDKROOT = iphoneos;
				SWIFT_ACTIVE_COMPILATION_CONDITIONS = "DEBUG $(inherited)";
				SWIFT_OPTIMIZATION_LEVEL = "-Onone";
			};
			name = Debug;
		};
		375BD0972D572B0100150824 /* Release */ = {
			isa = XCBuildConfiguration;
			buildSettings = {
				ALWAYS_SEARCH_USER_PATHS = NO;
				ASSETCATALOG_COMPILER_GENERATE_SWIFT_ASSET_SYMBOL_EXTENSIONS = YES;
				CLANG_ANALYZER_NONNULL = YES;
				CLANG_ANALYZER_NUMBER_OBJECT_CONVERSION = YES_AGGRESSIVE;
				CLANG_CXX_LANGUAGE_STANDARD = "gnu++20";
				CLANG_ENABLE_MODULES = YES;
				CLANG_ENABLE_OBJC_ARC = YES;
				CLANG_ENABLE_OBJC_WEAK = YES;
				CLANG_WARN_BLOCK_CAPTURE_AUTORELEASING = YES;
				CLANG_WARN_BOOL_CONVERSION = YES;
				CLANG_WARN_COMMA = YES;
				CLANG_WARN_CONSTANT_CONVERSION = YES;
				CLANG_WARN_DEPRECATED_OBJC_IMPLEMENTATIONS = YES;
				CLANG_WARN_DIRECT_OBJC_ISA_USAGE = YES_ERROR;
				CLANG_WARN_DOCUMENTATION_COMMENTS = YES;
				CLANG_WARN_EMPTY_BODY = YES;
				CLANG_WARN_ENUM_CONVERSION = YES;
				CLANG_WARN_INFINITE_RECURSION = YES;
				CLANG_WARN_INT_CONVERSION = YES;
				CLANG_WARN_NON_LITERAL_NULL_CONVERSION = YES;
				CLANG_WARN_OBJC_IMPLICIT_RETAIN_SELF = YES;
				CLANG_WARN_OBJC_LITERAL_CONVERSION = YES;
				CLANG_WARN_OBJC_ROOT_CLASS = YES_ERROR;
				CLANG_WARN_QUOTED_INCLUDE_IN_FRAMEWORK_HEADER = YES;
				CLANG_WARN_RANGE_LOOP_ANALYSIS = YES;
				CLANG_WARN_STRICT_PROTOTYPES = YES;
				CLANG_WARN_SUSPICIOUS_MOVE = YES;
				CLANG_WARN_UNGUARDED_AVAILABILITY = YES_AGGRESSIVE;
				CLANG_WARN_UNREACHABLE_CODE = YES;
				CLANG_WARN__DUPLICATE_METHOD_MATCH = YES;
				COPY_PHASE_STRIP = NO;
				DEBUG_INFORMATION_FORMAT = "dwarf-with-dsym";
				ENABLE_NS_ASSERTIONS = NO;
				ENABLE_STRICT_OBJC_MSGSEND = YES;
				ENABLE_USER_SCRIPT_SANDBOXING = YES;
				GCC_C_LANGUAGE_STANDARD = gnu17;
				GCC_NO_COMMON_BLOCKS = YES;
				GCC_WARN_64_TO_32_BIT_CONVERSION = YES;
				GCC_WARN_ABOUT_RETURN_TYPE = YES_ERROR;
				GCC_WARN_UNDECLARED_SELECTOR = YES;
				GCC_WARN_UNINITIALIZED_AUTOS = YES_AGGRESSIVE;
				GCC_WARN_UNUSED_FUNCTION = YES;
				GCC_WARN_UNUSED_VARIABLE = YES;
				IPHONEOS_DEPLOYMENT_TARGET = 18.2;
				LOCALIZATION_PREFERS_STRING_CATALOGS = YES;
				MTL_ENABLE_DEBUG_INFO = NO;
				MTL_FAST_MATH = YES;
				SDKROOT = iphoneos;
				SWIFT_COMPILATION_MODE = wholemodule;
				VALIDATE_PRODUCT = YES;
			};
			name = Release;
		};
		375BD0992D572B0100150824 /* Debug */ = {
			isa = XCBuildConfiguration;
			buildSettings = {
				ASSETCATALOG_COMPILER_APPICON_NAME = AppIcon;
				ASSETCATALOG_COMPILER_GLOBAL_ACCENT_COLOR_NAME = AccentColor;
				CODE_SIGN_STYLE = Automatic;
				CURRENT_PROJECT_VERSION = 1;
				DEVELOPMENT_ASSET_PATHS = "\"Fetch_RecipeProject/Preview Content\"";
				ENABLE_PREVIEWS = YES;
				GENERATE_INFOPLIST_FILE = YES;
				INFOPLIST_KEY_UIApplicationSceneManifest_Generation = YES;
				INFOPLIST_KEY_UIApplicationSupportsIndirectInputEvents = YES;
				INFOPLIST_KEY_UILaunchScreen_Generation = YES;
				INFOPLIST_KEY_UISupportedInterfaceOrientations_iPad = "UIInterfaceOrientationPortrait UIInterfaceOrientationPortraitUpsideDown UIInterfaceOrientationLandscapeLeft UIInterfaceOrientationLandscapeRight";
				INFOPLIST_KEY_UISupportedInterfaceOrientations_iPhone = "UIInterfaceOrientationPortrait UIInterfaceOrientationLandscapeLeft UIInterfaceOrientationLandscapeRight";
				LD_RUNPATH_SEARCH_PATHS = (
					"$(inherited)",
					"@executable_path/Frameworks",
				);
				MARKETING_VERSION = 1.0;
				PRODUCT_BUNDLE_IDENTIFIER = "com.apolis.Fetch-RecipeProject";
				PRODUCT_NAME = "$(TARGET_NAME)";
				SWIFT_EMIT_LOC_STRINGS = YES;
				SWIFT_VERSION = 5.0;
				TARGETED_DEVICE_FAMILY = "1,2";
			};
			name = Debug;
		};
		375BD09A2D572B0100150824 /* Release */ = {
			isa = XCBuildConfiguration;
			buildSettings = {
				ASSETCATALOG_COMPILER_APPICON_NAME = AppIcon;
				ASSETCATALOG_COMPILER_GLOBAL_ACCENT_COLOR_NAME = AccentColor;
				CODE_SIGN_STYLE = Automatic;
				CURRENT_PROJECT_VERSION = 1;
				DEVELOPMENT_ASSET_PATHS = "\"Fetch_RecipeProject/Preview Content\"";
				ENABLE_PREVIEWS = YES;
				GENERATE_INFOPLIST_FILE = YES;
				INFOPLIST_KEY_UIApplicationSceneManifest_Generation = YES;
				INFOPLIST_KEY_UIApplicationSupportsIndirectInputEvents = YES;
				INFOPLIST_KEY_UILaunchScreen_Generation = YES;
				INFOPLIST_KEY_UISupportedInterfaceOrientations_iPad = "UIInterfaceOrientationPortrait UIInterfaceOrientationPortraitUpsideDown UIInterfaceOrientationLandscapeLeft UIInterfaceOrientationLandscapeRight";
				INFOPLIST_KEY_UISupportedInterfaceOrientations_iPhone = "UIInterfaceOrientationPortrait UIInterfaceOrientationLandscapeLeft UIInterfaceOrientationLandscapeRight";
				LD_RUNPATH_SEARCH_PATHS = (
					"$(inherited)",
					"@executable_path/Frameworks",
				);
				MARKETING_VERSION = 1.0;
				PRODUCT_BUNDLE_IDENTIFIER = "com.apolis.Fetch-RecipeProject";
				PRODUCT_NAME = "$(TARGET_NAME)";
				SWIFT_EMIT_LOC_STRINGS = YES;
				SWIFT_VERSION = 5.0;
				TARGETED_DEVICE_FAMILY = "1,2";
			};
			name = Release;
		};
		375BD09C2D572B0100150824 /* Debug */ = {
			isa = XCBuildConfiguration;
			buildSettings = {
				BUNDLE_LOADER = "$(TEST_HOST)";
				CODE_SIGN_STYLE = Automatic;
				CURRENT_PROJECT_VERSION = 1;
				GENERATE_INFOPLIST_FILE = YES;
				IPHONEOS_DEPLOYMENT_TARGET = 18.2;
				MARKETING_VERSION = 1.0;
				PRODUCT_BUNDLE_IDENTIFIER = "com.apolis.Fetch-RecipeProjectTests";
				PRODUCT_NAME = "$(TARGET_NAME)";
				SWIFT_EMIT_LOC_STRINGS = NO;
				SWIFT_VERSION = 5.0;
				TARGETED_DEVICE_FAMILY = "1,2";
				TEST_HOST = "$(BUILT_PRODUCTS_DIR)/Fetch_RecipeProject.app/$(BUNDLE_EXECUTABLE_FOLDER_PATH)/Fetch_RecipeProject";
			};
			name = Debug;
		};
		375BD09D2D572B0100150824 /* Release */ = {
			isa = XCBuildConfiguration;
			buildSettings = {
				BUNDLE_LOADER = "$(TEST_HOST)";
				CODE_SIGN_STYLE = Automatic;
				CURRENT_PROJECT_VERSION = 1;
				GENERATE_INFOPLIST_FILE = YES;
				IPHONEOS_DEPLOYMENT_TARGET = 18.2;
				MARKETING_VERSION = 1.0;
				PRODUCT_BUNDLE_IDENTIFIER = "com.apolis.Fetch-RecipeProjectTests";
				PRODUCT_NAME = "$(TARGET_NAME)";
				SWIFT_EMIT_LOC_STRINGS = NO;
				SWIFT_VERSION = 5.0;
				TARGETED_DEVICE_FAMILY = "1,2";
				TEST_HOST = "$(BUILT_PRODUCTS_DIR)/Fetch_RecipeProject.app/$(BUNDLE_EXECUTABLE_FOLDER_PATH)/Fetch_RecipeProject";
			};
			name = Release;
		};
		375BD09F2D572B0100150824 /* Debug */ = {
			isa = XCBuildConfiguration;
			buildSettings = {
				CODE_SIGN_STYLE = Automatic;
				CURRENT_PROJECT_VERSION = 1;
				GENERATE_INFOPLIST_FILE = YES;
				MARKETING_VERSION = 1.0;
				PRODUCT_BUNDLE_IDENTIFIER = "com.apolis.Fetch-RecipeProjectUITests";
				PRODUCT_NAME = "$(TARGET_NAME)";
				SWIFT_EMIT_LOC_STRINGS = NO;
				SWIFT_VERSION = 5.0;
				TARGETED_DEVICE_FAMILY = "1,2";
				TEST_TARGET_NAME = Fetch_RecipeProject;
			};
			name = Debug;
		};
		375BD0A02D572B0100150824 /* Release */ = {
			isa = XCBuildConfiguration;
			buildSettings = {
				CODE_SIGN_STYLE = Automatic;
				CURRENT_PROJECT_VERSION = 1;
				GENERATE_INFOPLIST_FILE = YES;
				MARKETING_VERSION = 1.0;
				PRODUCT_BUNDLE_IDENTIFIER = "com.apolis.Fetch-RecipeProjectUITests";
				PRODUCT_NAME = "$(TARGET_NAME)";
				SWIFT_EMIT_LOC_STRINGS = NO;
				SWIFT_VERSION = 5.0;
				TARGETED_DEVICE_FAMILY = "1,2";
				TEST_TARGET_NAME = Fetch_RecipeProject;
			};
			name = Release;
		};
/* End XCBuildConfiguration section */

/* Begin XCConfigurationList section */
		375BD06F2D572AFE00150824 /* Build configuration list for PBXProject "Fetch_RecipeProject" */ = {
			isa = XCConfigurationList;
			buildConfigurations = (
				375BD0962D572B0100150824 /* Debug */,
				375BD0972D572B0100150824 /* Release */,
			);
			defaultConfigurationIsVisible = 0;
			defaultConfigurationName = Release;
		};
		375BD0982D572B0100150824 /* Build configuration list for PBXNativeTarget "Fetch_RecipeProject" */ = {
			isa = XCConfigurationList;
			buildConfigurations = (
				375BD0992D572B0100150824 /* Debug */,
				375BD09A2D572B0100150824 /* Release */,
			);
			defaultConfigurationIsVisible = 0;
			defaultConfigurationName = Release;
		};
		375BD09B2D572B0100150824 /* Build configuration list for PBXNativeTarget "Fetch_RecipeProjectTests" */ = {
			isa = XCConfigurationList;
			buildConfigurations = (
				375BD09C2D572B0100150824 /* Debug */,
				375BD09D2D572B0100150824 /* Release */,
			);
			defaultConfigurationIsVisible = 0;
			defaultConfigurationName = Release;
		};
		375BD09E2D572B0100150824 /* Build configuration list for PBXNativeTarget "Fetch_RecipeProjectUITests" */ = {
			isa = XCConfigurationList;
			buildConfigurations = (
				375BD09F2D572B0100150824 /* Debug */,
				375BD0A02D572B0100150824 /* Release */,
			);
			defaultConfigurationIsVisible = 0;
			defaultConfigurationName = Release;
		};
/* End XCConfigurationList section */
	};
	rootObject = 375BD06C2D572AFE00150824 /* Project object */;
}
